{
  "nodes": {
    "nixpkgs": {
      "locked": {
        "lastModified": 1717631151,
        "narHash": "sha256-yQAQzSJlHWSrmDIYnaLMU+YroQ6P8H3VlEUCvbHOndo=",
        "owner": "NixOS",
        "repo": "nixpkgs",
        "rev": "9949e790549c09e9332288e2a52a99587b88532d",
        "type": "github"
      },
      "original": {
        "owner": "NixOS",
        "ref": "release-24.05",
        "repo": "nixpkgs",
        "type": "github"
      }
    },
    "root": {
      "inputs": {
        "nixpkgs": "nixpkgs"
      }
    }
  },
  "root": "root",
  "version": 7
}
